# THIS IS AN AUTOGENERATED FILE. DO NOT EDIT THIS FILE DIRECTLY.
# yarn lockfile v1


uni-hold-tabbar@^1.0.0:
  version "1.0.0"
  resolved "https://registry.npm.taobao.org/uni-hold-tabbar/download/uni-hold-tabbar-1.0.0.tgz#92be7924414a79a8e49d2f191d87959e60ade932"
  integrity sha1-kr55JEFKeajknS8ZHYeVnmCt6TI=

uni-simple-router@^1.5.2:
  version "1.5.2"
  resolved "https://registry.npm.taobao.org/uni-simple-router/download/uni-simple-router-1.5.2.tgz#3f8280c59f3b007b2aadbd8bfa23566ad38edd47"
  integrity sha1-P4KAxZ87AHsqrb2L+iNWatOO3Uc=
  dependencies:
    uni-hold-tabbar "^1.0.0"
